<?xml version="1.0" encoding="utf-8"?>
<Project ToolsVersion="4.0" xmlns="http://schemas.microsoft.com/developer/msbuild/2003">
  <ItemGroup>
    <Filter Include="Source Files">
      <UniqueIdentifier>{4FC737F1-C7A5-4376-A066-2A32D752A2FF}</UniqueIdentifier>
      <Extensions>cpp;c;cc;cxx;c++;cppm;ixx;def;odl;idl;hpj;bat;asm;asmx</Extensions>
    </Filter>
    <Filter Include="Header Files">
      <UniqueIdentifier>{93995380-89BD-4b04-88EB-625FBE52EBFB}</UniqueIdentifier>
      <Extensions>h;hh;hpp;hxx;h++;hm;inl;inc;ipp;xsd</Extensions>
    </Filter>
    <Filter Include="Resource Files">
      <UniqueIdentifier>{67DA6AB6-F800-4c08-8B7A-83BB121AAD01}</UniqueIdentifier>
      <Extensions>rc;ico;cur;bmp;dlg;rc2;rct;bin;rgs;gif;jpg;jpeg;jpe;resx;tiff;tif;png;wav;mfcribbon-ms</Extensions>
    </Filter>
    <Filter Include="ImGui">
      <UniqueIdentifier>{9652a8ab-a931-4209-a5b6-f8a51d3deed7}</UniqueIdentifier>
    </Filter>
    <Filter Include="csgosdk">
      <UniqueIdentifier>{4763f909-6c87-4110-806b-d6e06c9fab5f}</UniqueIdentifier>
    </Filter>
    <Filter Include="drawing">
      <UniqueIdentifier>{a6fc12f0-442d-4568-b50a-8005721bb7b8}</UniqueIdentifier>
    </Filter>
    <Filter Include="menu">
      <UniqueIdentifier>{389ad838-8f6b-4657-9ee8-8b1a79c4a999}</UniqueIdentifier>
    </Filter>
    <Filter Include="features">
      <UniqueIdentifier>{3d3d7bb0-1326-408f-8d86-916ee2927901}</UniqueIdentifier>
    </Filter>
    <Filter Include="interfaces">
      <UniqueIdentifier>{1cebd6f8-7c44-4c7a-b976-5fdd05845f2e}</UniqueIdentifier>
    </Filter>
    <Filter Include="events">
      <UniqueIdentifier>{8151d619-0908-4651-abca-f6c4ce13f306}</UniqueIdentifier>
    </Filter>
    <Filter Include="config">
      <UniqueIdentifier>{70c230a2-aa8d-4fe7-80c4-46752e638413}</UniqueIdentifier>
    </Filter>
    <Filter Include="netvars">
      <UniqueIdentifier>{d10e78e7-6677-4a68-aefd-edeb3ee140bb}</UniqueIdentifier>
    </Filter>
  </ItemGroup>
  <ItemGroup>
    <ClInclude Include="internal.h">
      <Filter>Header Files</Filter>
    </ClInclude>
    <ClInclude Include="csgo.h">
      <Filter>Header Files</Filter>
    </ClInclude>
    <ClInclude Include="_vector.h">
      <Filter>Header Files</Filter>
    </ClInclude>
    <ClInclude Include="entity.h">
      <Filter>Header Files</Filter>
    </ClInclude>
    <ClInclude Include="dx.h">
      <Filter>Header Files</Filter>
    </ClInclude>
    <ClInclude Include="ImGui\imconfig.h">
      <Filter>Header Files</Filter>
    </ClInclude>
    <ClInclude Include="ImGui\imstb_truetype.h">
      <Filter>ImGui</Filter>
    </ClInclude>
    <ClInclude Include="ImGui\imgui.h">
      <Filter>ImGui</Filter>
    </ClInclude>
    <ClInclude Include="ImGui\imgui_impl_dx9.h">
      <Filter>ImGui</Filter>
    </ClInclude>
    <ClInclude Include="ImGui\imgui_impl_win32.h">
      <Filter>ImGui</Filter>
    </ClInclude>
    <ClInclude Include="ImGui\imgui_internal.h">
      <Filter>ImGui</Filter>
    </ClInclude>
    <ClInclude Include="ImGui\imstb_rectpack.h">
      <Filter>ImGui</Filter>
    </ClInclude>
    <ClInclude Include="ImGui\imstb_textedit.h">
      <Filter>ImGui</Filter>
    </ClInclude>
    <ClInclude Include="helpers.h">
      <Filter>Header Files</Filter>
    </ClInclude>
    <ClInclude Include="csgosdk.h">
      <Filter>csgosdk</Filter>
    </ClInclude>
    <ClInclude Include="CInput.h">
      <Filter>csgosdk</Filter>
    </ClInclude>
    <ClInclude Include="UserCmd.h">
      <Filter>csgosdk</Filter>
    </ClInclude>
    <ClInclude Include="QAngle.h">
      <Filter>csgosdk</Filter>
    </ClInclude>
    <ClInclude Include="IVEngineClient.h">
      <Filter>csgosdk</Filter>
    </ClInclude>
    <ClInclude Include="Definitions.h">
      <Filter>csgosdk</Filter>
    </ClInclude>
    <ClInclude Include="Color.h">
      <Filter>csgosdk</Filter>
    </ClInclude>
    <ClInclude Include="VMatrix.h">
      <Filter>csgosdk</Filter>
    </ClInclude>
    <ClInclude Include="..\..\..\otherstuff\csgo\Tauros-v2-master\Tauros\SourceEngine\Vector.h">
      <Filter>csgosdk</Filter>
    </ClInclude>
    <ClInclude Include="..\..\..\otherstuff\csgo\Tauros-v2-master\Tauros\SourceEngine\Vector2D.h">
      <Filter>csgosdk</Filter>
    </ClInclude>
    <ClInclude Include="..\..\..\otherstuff\csgo\Tauros-v2-master\Tauros\SourceEngine\Vector4D.h">
      <Filter>csgosdk</Filter>
    </ClInclude>
    <ClInclude Include="..\..\..\otherstuff\csgo\Tauros-v2-master\Tauros\SourceEngine\PlayerInfo.h">
      <Filter>csgosdk</Filter>
    </ClInclude>
    <ClInclude Include="Vector.h">
      <Filter>csgosdk</Filter>
    </ClInclude>
    <ClInclude Include="IGameResources.h">
      <Filter>csgosdk</Filter>
    </ClInclude>
    <ClInclude Include="CPlayerResource.h">
      <Filter>csgosdk</Filter>
    </ClInclude>
    <ClInclude Include="const.h">
      <Filter>csgosdk</Filter>
    </ClInclude>
    <ClInclude Include="IClientEntityList.h">
      <Filter>csgosdk</Filter>
    </ClInclude>
    <ClInclude Include="main.h">
      <Filter>Header Files</Filter>
    </ClInclude>
    <ClInclude Include="IAppSystem.h">
      <Filter>csgosdk</Filter>
    </ClInclude>
    <ClInclude Include="drawing.h">
      <Filter>drawing</Filter>
    </ClInclude>
    <ClInclude Include="menu.h">
      <Filter>menu</Filter>
    </ClInclude>
    <ClInclude Include="features.h">
      <Filter>features</Filter>
    </ClInclude>
    <ClInclude Include="interfaces.h">
      <Filter>interfaces</Filter>
    </ClInclude>
    <ClInclude Include="imgui_h.h">
      <Filter>drawing</Filter>
    </ClInclude>
    <ClInclude Include="IGameEvents.h">
      <Filter>csgosdk</Filter>
    </ClInclude>
    <ClInclude Include="EventListener.h">
      <Filter>events</Filter>
    </ClInclude>
    <ClInclude Include="config.h">
      <Filter>config</Filter>
    </ClInclude>
    <ClInclude Include="simdjson\simdjson.h">
      <Filter>config</Filter>
    </ClInclude>
    <ClInclude Include="IEngineTrace.h">
      <Filter>csgosdk</Filter>
    </ClInclude>
    <ClInclude Include="IClientEntity.h">
      <Filter>csgosdk</Filter>
    </ClInclude>
    <ClInclude Include="IClientUnknown.h">
      <Filter>csgosdk</Filter>
    </ClInclude>
    <ClInclude Include="IClientThinkable.h">
      <Filter>csgosdk</Filter>
    </ClInclude>
    <ClInclude Include="IClientRenderable.h">
      <Filter>csgosdk</Filter>
    </ClInclude>
    <ClInclude Include="IClientNetworkable.h">
      <Filter>csgosdk</Filter>
    </ClInclude>
    <ClInclude Include="IHandleEntity.h">
      <Filter>csgosdk</Filter>
    </ClInclude>
    <ClInclude Include="netvars.h">
      <Filter>netvars</Filter>
    </ClInclude>
    <ClInclude Include="Recv.h">
      <Filter>csgosdk</Filter>
    </ClInclude>
    <ClInclude Include="IBaseClientDLL.h">
      <Filter>csgosdk</Filter>
    </ClInclude>
  </ItemGroup>
  <ItemGroup>
    <ClCompile Include="main.cpp">
      <Filter>Source Files</Filter>
    </ClCompile>
    <ClCompile Include="internal.cpp">
      <Filter>Source Files</Filter>
    </ClCompile>
    <ClCompile Include="entity.cpp">
      <Filter>Source Files</Filter>
    </ClCompile>
    <ClCompile Include="dx.cpp">
      <Filter>Source Files</Filter>
    </ClCompile>
    <ClCompile Include="ImGui\imgui_demo.cpp">
      <Filter>ImGui</Filter>
    </ClCompile>
    <ClCompile Include="ImGui\imgui_draw.cpp">
      <Filter>ImGui</Filter>
    </ClCompile>
    <ClCompile Include="ImGui\imgui_impl_dx9.cpp">
      <Filter>ImGui</Filter>
    </ClCompile>
    <ClCompile Include="ImGui\imgui_impl_win32.cpp">
      <Filter>ImGui</Filter>
    </ClCompile>
    <ClCompile Include="ImGui\imgui_widgets.cpp">
      <Filter>ImGui</Filter>
    </ClCompile>
    <ClCompile Include="ImGui\imgui.cpp">
      <Filter>ImGui</Filter>
    </ClCompile>
    <ClCompile Include="helpers.cpp">
      <Filter>Source Files</Filter>
    </ClCompile>
    <ClCompile Include="CInput.cpp">
      <Filter>csgosdk</Filter>
    </ClCompile>
    <ClCompile Include="VMatrix.cpp">
      <Filter>csgosdk</Filter>
    </ClCompile>
    <ClCompile Include="..\..\..\otherstuff\csgo\Tauros-v2-master\Tauros\SourceEngine\Vector.cpp">
      <Filter>csgosdk</Filter>
    </ClCompile>
    <ClCompile Include="..\..\..\otherstuff\csgo\Tauros-v2-master\Tauros\SourceEngine\Vector2D.cpp">
      <Filter>csgosdk</Filter>
    </ClCompile>
    <ClCompile Include="..\..\..\otherstuff\csgo\Tauros-v2-master\Tauros\SourceEngine\Vector4D.cpp">
      <Filter>csgosdk</Filter>
    </ClCompile>
    <ClCompile Include="drawing.cpp">
      <Filter>drawing</Filter>
    </ClCompile>
    <ClCompile Include="menu.cpp">
      <Filter>menu</Filter>
    </ClCompile>
    <ClCompile Include="features.cpp">
      <Filter>features</Filter>
    </ClCompile>
    <ClCompile Include="interfaces.cpp">
      <Filter>interfaces</Filter>
    </ClCompile>
    <ClCompile Include="EventListener.cpp">
      <Filter>events</Filter>
    </ClCompile>
    <ClCompile Include="config.cpp">
      <Filter>config</Filter>
    </ClCompile>
    <ClCompile Include="simdjson\simdjson.cpp">
      <Filter>config</Filter>
    </ClCompile>
  </ItemGroup>
  <ItemGroup>
    <None Include="ImGui\imgui_impl_metal.mm" />
  </ItemGroup>
  <ItemGroup>
    <Text Include="ImGui\LICENSE.txt" />
  </ItemGroup>
</Project>